// !$*UTF8*$!
{
	archiveVersion = 1;
	classes = {
	};
	objectVersion = 50;
	objects = {

/* Begin PBXBuildFile section */
		809F68E625C86FA300510F83 /* PlaceDescription.swift in Sources */ = {isa = PBXBuildFile; fileRef = 809F68E525C86FA300510F83 /* PlaceDescription.swift */; };
		80D1F38C25C8500A00742B81 /* PlaceDescriptionApp.swift in Sources */ = {isa = PBXBuildFile; fileRef = 80D1F38B25C8500A00742B81 /* PlaceDescriptionApp.swift */; };
		80D1F38E25C8500A00742B81 /* ContentView.swift in Sources */ = {isa = PBXBuildFile; fileRef = 80D1F38D25C8500A00742B81 /* ContentView.swift */; };
		80D1F39025C8500C00742B81 /* Assets.xcassets in Resources */ = {isa = PBXBuildFile; fileRef = 80D1F38F25C8500C00742B81 /* Assets.xcassets */; };
		80D1F39325C8500C00742B81 /* Preview Assets.xcassets in Resources */ = {isa = PBXBuildFile; fileRef = 80D1F39225C8500C00742B81 /* Preview Assets.xcassets */; };
/* End PBXBuildFile section */

/* Begin PBXFileReference section */
		809F68E525C86FA300510F83 /* PlaceDescription.swift */ = {isa = PBXFileReference; lastKnownFileType = sourcecode.swift; path = PlaceDescription.swift; sourceTree = "<group>"; };
		80D1F38825C8500A00742B81 /* PlaceDescription.app */ = {isa = PBXFileReference; explicitFileType = wrapper.application; includeInIndex = 0; path = PlaceDescription.app; sourceTree = BUILT_PRODUCTS_DIR; };
		80D1F38B25C8500A00742B81 /* PlaceDescriptionApp.swift */ = {isa = PBXFileReference; lastKnownFileType = sourcecode.swift; path = PlaceDescriptionApp.swift; sourceTree = "<group>"; };
		80D1F38D25C8500A00742B81 /* ContentView.swift */ = {isa = PBXFileReference; lastKnownFileType = sourcecode.swift; path = ContentView.swift; sourceTree = "<group>"; };
		80D1F38F25C8500C00742B81 /* Assets.xcassets */ = {isa = PBXFileReference; lastKnownFileType = folder.assetcatalog; path = Assets.xcassets; sourceTree = "<group>"; };
		80D1F39225C8500C00742B81 /* Preview Assets.xcassets */ = {isa = PBXFileReference; lastKnownFileType = folder.assetcatalog; path = "Preview Assets.xcassets"; sourceTree = "<group>"; };
		80D1F39425C8500C00742B81 /* Info.plist */ = {isa = PBXFileReference; lastKnownFileType = text.plist.xml; path = Info.plist; sourceTree = "<group>"; };
/* End PBXFileReference section */

/* Begin PBXFrameworksBuildPhase section */
		80D1F38525C8500A00742B81 /* Frameworks */ = {
			isa = PBXFrameworksBuildPhase;
			buildActionMask = 2147483647;
			files = (
			);
			runOnlyForDeploymentPostprocessing = 0;
		};
/* End PBXFrameworksBuildPhase section */

/* Begin PBXGroup section */
		80D1F37F25C8500A00742B81 = {
			isa = PBXGroup;
			children = (
				80D1F38A25C8500A00742B81 /* PlaceDescription */,
				80D1F38925C8500A00742B81 /* Products */,
			);
			sourceTree = "<group>";
		};
		80D1F38925C8500A00742B81 /* Products */ = {
			isa = PBXGroup;
			children = (
				80D1F38825C8500A00742B81 /* PlaceDescription.app */,
			);
			name = Products;
			sourceTree = "<group>";
		};
		80D1F38A25C8500A00742B81 /* PlaceDescription */ = {
			isa = PBXGroup;
			children = (
				809F68E525C86FA300510F83 /* PlaceDescription.swift */,
				80D1F38B25C8500A00742B81 /* PlaceDescriptionApp.swift */,
				80D1F38D25C8500A00742B81 /* ContentView.swift */,
				80D1F38F25C8500C00742B81 /* Assets.xcassets */,
				80D1F39425C8500C00742B81 /* Info.plist */,
				80D1F39125C8500C00742B81 /* Preview Content */,
			);
			path = PlaceDescription;
			sourceTree = "<group>";
		};
		80D1F39125C8500C00742B81 /* Preview Content */ = {
			isa = PBXGroup;
			children = (
				80D1F39225C8500C00742B81 /* Preview Assets.xcassets */,
			);
			path = "Preview Content";
			sourceTree = "<group>";
		};
/* End PBXGroup section */

/* Begin PBXNativeTarget section */
		80D1F38725C8500A00742B81 /* PlaceDescription */ = {
			isa = PBXNativeTarget;
			buildConfigurationList = 80D1F39725C8500C00742B81 /* Build configuration list for PBXNativeTarget "PlaceDescription" */;
			buildPhases = (
				80D1F38425C8500A00742B81 /* Sources */,
				80D1F38525C8500A00742B81 /* Frameworks */,
				80D1F38625C8500A00742B81 /* Resources */,
			);
			buildRules = (
			);
			dependencies = (
			);
			name = PlaceDescription;
			productName = PlaceDescription;
			productReference = 80D1F38825C8500A00742B81 /* PlaceDescription.app */;
			productType = "com.apple.product-type.application";
		};
/* End PBXNativeTarget section */

/* Begin PBXProject section */
		80D1F38025C8500A00742B81 /* Project object */ = {
			isa = PBXProject;
			attributes = {
				LastSwiftUpdateCheck = 1240;
				LastUpgradeCheck = 1240;
				TargetAttributes = {
					80D1F38725C8500A00742B81 = {
						CreatedOnToolsVersion = 12.4;
					};
				};
			};
			buildConfigurationList = 80D1F38325C8500A00742B81 /* Build configuration list for PBXProject "PlaceDescription" */;
			compatibilityVersion = "Xcode 9.3";
			developmentRegion = en;
			hasScannedForEncodings = 0;
			knownRegions = (
				en,
				Base,
			);
			mainGroup = 80D1F37F25C8500A00742B81;
			productRefGroup = 80D1F38925C8500A00742B81 /* Products */;
			projectDirPath = "";
			projectRoot = "";
			targets = (
				80D1F38725C8500A00742B81 /* PlaceDescription */,
			);
		};
/* End PBXProject section */

/* Begin PBXResourcesBuildPhase section */
		80D1F38625C8500A00742B81 /* Resources */ = {
			isa = PBXResourcesBuildPhase;
			buildActionMask = 2147483647;
			files = (
				80D1F39325C8500C00742B81 /* Preview Assets.xcassets in Resources */,
				80D1F39025C8500C00742B81 /* Assets.xcassets in Resources */,
			);
			runOnlyForDeploymentPostprocessing = 0;
		};
/* End PBXResourcesBuildPhase section */

/* Begin PBXSourcesBuildPhase section */
		80D1F38425C8500A00742B81 /* Sources */ = {
			isa = PBXSourcesBuildPhase;
			buildActionMask = 2147483647;
			files = (
				80D1F38E25C8500A00742B81 /* ContentView.swift in Sources */,
				809F68E625C86FA300510F83 /* PlaceDescription.swift in Sources */,
				80D1F38C25C8500A00742B81 /* PlaceDescriptionApp.swift in Sources */,
			);
			runOnlyForDeploymentPostprocessing = 0;
		};
/* End PBXSourcesBuildPhase section */

/* Begin XCBuildConfiguration section */
		80D1F39525C8500C00742B81 /* Debug */ = {
			isa = XCBuildConfiguration;
			buildSettings = {
				ALWAYS_SEARCH_USER_PATHS = NO;
				CLANG_ANALYZER_NONNULL = YES;
				CLANG_ANALYZER_NUMBER_OBJECT_CONVERSION = YES_AGGRESSIVE;
				CLANG_CXX_LANGUAGE_STANDARD = "gnu++14";
				CLANG_CXX_LIBRARY = "libc++";
				CLANG_ENABLE_MODULES = YES;
				CLANG_ENABLE_OBJC_ARC = YES;
				CLANG_ENABLE_OBJC_WEAK = YES;
				CLANG_WARN_BLOCK_CAPTURE_AUTORELEASING = YES;
				CLANG_WARN_BOOL_CONVERSION = YES;
				CLANG_WARN_COMMA = YES;
				CLANG_WARN_CONSTANT_CONVERSION = YES;
				CLANG_WARN_DEPRECATED_OBJC_IMPLEMENTATIONS = YES;
				CLANG_WARN_DIRECT_OBJC_ISA_USAGE = YES_ERROR;
				CLANG_WARN_DOCUMENTATION_COMMENTS = YES;
				CLANG_WARN_EMPTY_BODY = YES;
				CLANG_WARN_ENUM_CONVERSION = YES;
				CLANG_WARN_INFINITE_RECURSION = YES;
				CLANG_WARN_INT_CONVERSION = YES;
				CLANG_WARN_NON_LITERAL_NULL_CONVERSION = YES;
				CLANG_WARN_OBJC_IMPLICIT_RETAIN_SELF = YES;
				CLANG_WARN_OBJC_LITERAL_CONVERSION = YES;
				CLANG_WARN_OBJC_ROOT_CLASS = YES_ERROR;
				CLANG_WARN_QUOTED_INCLUDE_IN_FRAMEWORK_HEADER = YES;
				CLANG_WARN_RANGE_LOOP_ANALYSIS = YES;
				CLANG_WARN_STRICT_PROTOTYPES = YES;
				CLANG_WARN_SUSPICIOUS_MOVE = YES;
				CLANG_WARN_UNGUARDED_AVAILABILITY = YES_AGGRESSIVE;
				CLANG_WARN_UNREACHABLE_CODE = YES;
				CLANG_WARN__DUPLICATE_METHOD_MATCH = YES;
				COPY_PHASE_STRIP = NO;
				DEBUG_INFORMATION_FORMAT = dwarf;
				ENABLE_STRICT_OBJC_MSGSEND = YES;
				ENABLE_TESTABILITY = YES;
				GCC_C_LANGUAGE_STANDARD = gnu11;
				GCC_DYNAMIC_NO_PIC = NO;
				GCC_NO_COMMON_BLOCKS = YES;
				GCC_OPTIMIZATION_LEVEL = 0;
				GCC_PREPROCESSOR_DEFINITIONS = (
					"DEBUG=1",
					"$(inherited)",
				);
				GCC_WARN_64_TO_32_BIT_CONVERSION = YES;
				GCC_WARN_ABOUT_RETURN_TYPE = YES_ERROR;
				GCC_WARN_UNDECLARED_SELECTOR = YES;
				GCC_WARN_UNINITIALIZED_AUTOS = YES_AGGRESSIVE;
				GCC_WARN_UNUSED_FUNCTION = YES;
				GCC_WARN_UNUSED_VARIABLE = YES;
				IPHONEOS_DEPLOYMENT_TARGET = 14.4;
				MTL_ENABLE_DEBUG_INFO = INCLUDE_SOURCE;
				MTL_FAST_MATH = YES;
				ONLY_ACTIVE_ARCH = YES;
				SDKROOT = iphoneos;
				SWIFT_ACTIVE_COMPILATION_CONDITIONS = DEBUG;
				SWIFT_OPTIMIZATION_LEVEL = "-Onone";
			};
			name = Debug;
		};
		80D1F39625C8500C00742B81 /* Release */ = {
			isa = XCBuildConfiguration;
			buildSettings = {
				ALWAYS_SEARCH_USER_PATHS = NO;
				CLANG_ANALYZER_NONNULL = YES;
				CLANG_ANALYZER_NUMBER_OBJECT_CONVERSION = YES_AGGRESSIVE;
				CLANG_CXX_LANGUAGE_STANDARD = "gnu++14";
				CLANG_CXX_LIBRARY = "libc++";
				CLANG_ENABLE_MODULES = YES;
				CLANG_ENABLE_OBJC_ARC = YES;
				CLANG_ENABLE_OBJC_WEAK = YES;
				CLANG_WARN_BLOCK_CAPTURE_AUTORELEASING = YES;
				CLANG_WARN_BOOL_CONVERSION = YES;
				CLANG_WARN_COMMA = YES;
				CLANG_WARN_CONSTANT_CONVERSION = YES;
				CLANG_WARN_DEPRECATED_OBJC_IMPLEMENTATIONS = YES;
				CLANG_WARN_DIRECT_OBJC_ISA_USAGE = YES_ERROR;
				CLANG_WARN_DOCUMENTATION_COMMENTS = YES;
				CLANG_WARN_EMPTY_BODY = YES;
				CLANG_WARN_ENUM_CONVERSION = YES;
				CLANG_WARN_INFINITE_RECURSION = YES;
				CLANG_WARN_INT_CONVERSION = YES;
				CLANG_WARN_NON_LITERAL_NULL_CONVERSION = YES;
				CLANG_WARN_OBJC_IMPLICIT_RETAIN_SELF = YES;
				CLANG_WARN_OBJC_LITERAL_CONVERSION = YES;
				CLANG_WARN_OBJC_ROOT_CLASS = YES_ERROR;
				CLANG_WARN_QUOTED_INCLUDE_IN_FRAMEWORK_HEADER = YES;
				CLANG_WARN_RANGE_LOOP_ANALYSIS = YES;
				CLANG_WARN_STRICT_PROTOTYPES = YES;
				CLANG_WARN_SUSPICIOUS_MOVE = YES;
				CLANG_WARN_UNGUARDED_AVAILABILITY = YES_AGGRESSIVE;
				CLANG_WARN_UNREACHABLE_CODE = YES;
				CLANG_WARN__DUPLICATE_METHOD_MATCH = YES;
				COPY_PHASE_STRIP = NO;
				DEBUG_INFORMATION_FORMAT = "dwarf-with-dsym";
				ENABLE_NS_ASSERTIONS = NO;
				ENABLE_STRICT_OBJC_MSGSEND = YES;
				GCC_C_LANGUAGE_STANDARD = gnu11;
				GCC_NO_COMMON_BLOCKS = YES;
				GCC_WARN_64_TO_32_BIT_CONVERSION = YES;
				GCC_WARN_ABOUT_RETURN_TYPE = YES_ERROR;
				GCC_WARN_UNDECLARED_SELECTOR = YES;
				GCC_WARN_UNINITIALIZED_AUTOS = YES_AGGRESSIVE;
				GCC_WARN_UNUSED_FUNCTION = YES;
				GCC_WARN_UNUSED_VARIABLE = YES;
				IPHONEOS_DEPLOYMENT_TARGET = 14.4;
				MTL_ENABLE_DEBUG_INFO = NO;
				MTL_FAST_MATH = YES;
				SDKROOT = iphoneos;
				SWIFT_COMPILATION_MODE = wholemodule;
				SWIFT_OPTIMIZATION_LEVEL = "-O";
				VALIDATE_PRODUCT = YES;
			};
			name = Release;
		};
		80D1F39825C8500C00742B81 /* Debug */ = {
			isa = XCBuildConfiguration;
			buildSettings = {
				ASSETCATALOG_COMPILER_APPICON_NAME = AppIcon;
				ASSETCATALOG_COMPILER_GLOBAL_ACCENT_COLOR_NAME = AccentColor;
				CODE_SIGN_STYLE = Automatic;
				DEVELOPMENT_ASSET_PATHS = "\"PlaceDescription/Preview Content\"";
				ENABLE_PREVIEWS = YES;
				INFOPLIST_FILE = PlaceDescription/Info.plist;
				IPHONEOS_DEPLOYMENT_TARGET = 14.0;
				LD_RUNPATH_SEARCH_PATHS = (
					"$(inherited)",
					"@executable_path/Frameworks",
				);
				PRODUCT_BUNDLE_IDENTIFIER = edu.asu.bsse.dlee129.PlaceDescription;
				PRODUCT_NAME = "$(TARGET_NAME)";
				SWIFT_VERSION = 5.0;
				TARGETED_DEVICE_FAMILY = "1,2";
			};
			name = Debug;
		};
		80D1F39925C8500C00742B81 /* Release */ = {
			isa = XCBuildConfiguration;
			buildSettings = {
				ASSETCATALOG_COMPILER_APPICON_NAME = AppIcon;
				ASSETCATALOG_COMPILER_GLOBAL_ACCENT_COLOR_NAME = AccentColor;
				CODE_SIGN_STYLE = Automatic;
				DEVELOPMENT_ASSET_PATHS = "\"PlaceDescription/Preview Content\"";
				ENABLE_PREVIEWS = YES;
				INFOPLIST_FILE = PlaceDescription/Info.plist;
				IPHONEOS_DEPLOYMENT_TARGET = 14.0;
				LD_RUNPATH_SEARCH_PATHS = (
					"$(inherited)",
					"@executable_path/Frameworks",
				);
				PRODUCT_BUNDLE_IDENTIFIER = edu.asu.bsse.dlee129.PlaceDescription;
				PRODUCT_NAME = "$(TARGET_NAME)";
				SWIFT_VERSION = 5.0;
				TARGETED_DEVICE_FAMILY = "1,2";
			};
			name = Release;
		};
/* End XCBuildConfiguration section */

/* Begin XCConfigurationList section */
		80D1F38325C8500A00742B81 /* Build configuration list for PBXProject "PlaceDescription" */ = {
			isa = XCConfigurationList;
			buildConfigurations = (
				80D1F39525C8500C00742B81 /* Debug */,
				80D1F39625C8500C00742B81 /* Release */,
			);
			defaultConfigurationIsVisible = 0;
			defaultConfigurationName = Release;
		};
		80D1F39725C8500C00742B81 /* Build configuration list for PBXNativeTarget "PlaceDescription" */ = {
			isa = XCConfigurationList;
			buildConfigurations = (
				80D1F39825C8500C00742B81 /* Debug */,
				80D1F39925C8500C00742B81 /* Release */,
			);
			defaultConfigurationIsVisible = 0;
			defaultConfigurationName = Release;
		};
/* End XCConfigurationList section */
	};
	rootObject = 80D1F38025C8500A00742B81 /* Project object */;
}
